// !$*UTF8*$!
{
	archiveVersion = 1;
	classes = {
	};
	objectVersion = 51;
	objects = {

/* Begin PBXBuildFile section */
		09BC282524C19BB500D874CE /* MVVM.podspec in Resources */ = {isa = PBXBuildFile; fileRef = 09BC282424C19BB400D874CE /* MVVM.podspec */; };
		3579A4D15E28F22B20BF9FD7 /* Pods_MVVMExample.framework in Frameworks */ = {isa = PBXBuildFile; fileRef = 48D7E9E7E062208592A06C56 /* Pods_MVVMExample.framework */; };
		4D6A5B2A394A722435A693DC /* Pods_MVVMExampleTests.framework in Frameworks */ = {isa = PBXBuildFile; fileRef = D09415DDFBD3132436ED59D9 /* Pods_MVVMExampleTests.framework */; };
		5671E3ABD4CD31A9F77A2149 /* Pods_MVVMExample_MVVMExampleUITests.framework in Frameworks */ = {isa = PBXBuildFile; fileRef = F9358D747A0B5C8E5411F9A1 /* Pods_MVVMExample_MVVMExampleUITests.framework */; };
		6CFBB59225124645003299A2 /* TimelinePage.swift in Sources */ = {isa = PBXBuildFile; fileRef = 6CFBB59025124645003299A2 /* TimelinePage.swift */; };
		6CFBB59325124645003299A2 /* TimelinePage.xib in Resources */ = {isa = PBXBuildFile; fileRef = 6CFBB59125124645003299A2 /* TimelinePage.xib */; };
		6CFBB5962512468D003299A2 /* TimelinePageViewModel.swift in Sources */ = {isa = PBXBuildFile; fileRef = 6CFBB5952512468D003299A2 /* TimelinePageViewModel.swift */; };
		9C004D8224FCD954007E9298 /* TabbarControllerViewModel.swift in Sources */ = {isa = PBXBuildFile; fileRef = 9C004D8124FCD954007E9298 /* TabbarControllerViewModel.swift */; };
		9C0C751C24E281F600FE58DA /* NetworkServiceTests.swift in Sources */ = {isa = PBXBuildFile; fileRef = 9C0C751B24E281F600FE58DA /* NetworkServiceTests.swift */; };
		9C0C751F24E2836A00FE58DA /* ContactPageTests.swift in Sources */ = {isa = PBXBuildFile; fileRef = 9C0C751E24E2836A00FE58DA /* ContactPageTests.swift */; };
		9C2D3BF62513097500F412DD /* ActivityCell.swift in Sources */ = {isa = PBXBuildFile; fileRef = 9C2D3BF42513097400F412DD /* ActivityCell.swift */; };
		9C2D3BF72513097500F412DD /* ActivityCell.xib in Resources */ = {isa = PBXBuildFile; fileRef = 9C2D3BF52513097400F412DD /* ActivityCell.xib */; };
		9C2D3BFB251309F300F412DD /* ActivityCellViewModel.swift in Sources */ = {isa = PBXBuildFile; fileRef = 9C2D3BFA251309F300F412DD /* ActivityCellViewModel.swift */; };
		9C59386924D9345900AB6F1E /* LocalizeStringConfigs.swift in Sources */ = {isa = PBXBuildFile; fileRef = 9C59386824D9345900AB6F1E /* LocalizeStringConfigs.swift */; };
		9C59386C24D9355100AB6F1E /* Localizable.strings in Resources */ = {isa = PBXBuildFile; fileRef = 9C59386A24D9355100AB6F1E /* Localizable.strings */; };
		9C6504A22501DAD1004B4696 /* TabPage.swift in Sources */ = {isa = PBXBuildFile; fileRef = 9C6504A02501DAD1004B4696 /* TabPage.swift */; };
		9C6504A32501DAD1004B4696 /* TabPage.xib in Resources */ = {isa = PBXBuildFile; fileRef = 9C6504A12501DAD1004B4696 /* TabPage.xib */; };
		9C6504A62501DB0B004B4696 /* TabPageViewModel.swift in Sources */ = {isa = PBXBuildFile; fileRef = 9C6504A52501DB0B004B4696 /* TabPageViewModel.swift */; };
		9C6504A92501E4CE004B4696 /* ColorConfig.swift in Sources */ = {isa = PBXBuildFile; fileRef = 9C6504A82501E4CE004B4696 /* ColorConfig.swift */; };
		9C6504AB2501EF8B004B4696 /* DeviceManager.swift in Sources */ = {isa = PBXBuildFile; fileRef = 9C6504AA2501EF8B004B4696 /* DeviceManager.swift */; };
		9C74EB7D246D19B900A3CF1D /* AppDelegate.swift in Sources */ = {isa = PBXBuildFile; fileRef = 9C74EB7C246D19B900A3CF1D /* AppDelegate.swift */; };
		9C74EB81246D19B900A3CF1D /* ViewController.swift in Sources */ = {isa = PBXBuildFile; fileRef = 9C74EB80246D19B900A3CF1D /* ViewController.swift */; };
		9C74EB84246D19B900A3CF1D /* Main.storyboard in Resources */ = {isa = PBXBuildFile; fileRef = 9C74EB82246D19B900A3CF1D /* Main.storyboard */; };
		9C74EB87246D19B900A3CF1D /* MVVMExample.xcdatamodeld in Sources */ = {isa = PBXBuildFile; fileRef = 9C74EB85246D19B900A3CF1D /* MVVMExample.xcdatamodeld */; };
		9C74EB89246D19BC00A3CF1D /* Assets.xcassets in Resources */ = {isa = PBXBuildFile; fileRef = 9C74EB88246D19BC00A3CF1D /* Assets.xcassets */; };
		9C74EB8C246D19BC00A3CF1D /* LaunchScreen.storyboard in Resources */ = {isa = PBXBuildFile; fileRef = 9C74EB8A246D19BC00A3CF1D /* LaunchScreen.storyboard */; };
		9C74EB97246D19BD00A3CF1D /* MVVMExampleTests.swift in Sources */ = {isa = PBXBuildFile; fileRef = 9C74EB96246D19BD00A3CF1D /* MVVMExampleTests.swift */; };
		9C74EBA2246D19BD00A3CF1D /* MVVMExampleUITests.swift in Sources */ = {isa = PBXBuildFile; fileRef = 9C74EBA1246D19BD00A3CF1D /* MVVMExampleUITests.swift */; };
		9C8268F524BEEB9C008497A6 /* AlertServices.swift in Sources */ = {isa = PBXBuildFile; fileRef = 9C8268F424BEEB9C008497A6 /* AlertServices.swift */; };
		9CB0D87825130BF2009826B2 /* ActivityModel.swift in Sources */ = {isa = PBXBuildFile; fileRef = 9CB0D87725130BF2009826B2 /* ActivityModel.swift */; };
		9CB0D87A25131149009826B2 /* NetworkService+Timeline.swift in Sources */ = {isa = PBXBuildFile; fileRef = 9CB0D87925131149009826B2 /* NetworkService+Timeline.swift */; };
		9CB0D87C2513141F009826B2 /* TimelineResponseModel.swift in Sources */ = {isa = PBXBuildFile; fileRef = 9CB0D87B2513141F009826B2 /* TimelineResponseModel.swift */; };
		9CB0D87E25131505009826B2 /* TimelineModel.swift in Sources */ = {isa = PBXBuildFile; fileRef = 9CB0D87D25131505009826B2 /* TimelineModel.swift */; };
		9CB0D880251363E5009826B2 /* TimelineCellViewModel.swift in Sources */ = {isa = PBXBuildFile; fileRef = 9CB0D87F251363E5009826B2 /* TimelineCellViewModel.swift */; };
		9CB0D8852513656D009826B2 /* TimeLineCell.swift in Sources */ = {isa = PBXBuildFile; fileRef = 9CB0D8832513656D009826B2 /* TimeLineCell.swift */; };
		9CB0D8862513656D009826B2 /* TimeLineCell.xib in Resources */ = {isa = PBXBuildFile; fileRef = 9CB0D8842513656D009826B2 /* TimeLineCell.xib */; };
		9CB799AA2514574000902E3A /* UserInfoModel.swift in Sources */ = {isa = PBXBuildFile; fileRef = 9CB799A92514574000902E3A /* UserInfoModel.swift */; };
		9CC01B6224DA58F700995A07 /* README.md in Resources */ = {isa = PBXBuildFile; fileRef = 9CC01B6124DA58F700995A07 /* README.md */; };
		9CCBA65F247AB20000D73A7B /* Constants.swift in Sources */ = {isa = PBXBuildFile; fileRef = 9CCBA65E247AB20000D73A7B /* Constants.swift */; };
		9CCBA663247AC21E00D73A7B /* APIService.swift in Sources */ = {isa = PBXBuildFile; fileRef = 9CCBA662247AC21E00D73A7B /* APIService.swift */; };
		9CCBA665247AC29C00D73A7B /* NetworkServices.swift in Sources */ = {isa = PBXBuildFile; fileRef = 9CCBA664247AC29C00D73A7B /* NetworkServices.swift */; };
		9CE8BA0624FCD1F9001EA3A3 /* TabbarViewController.swift in Sources */ = {isa = PBXBuildFile; fileRef = 9CE8BA0424FCD1F8001EA3A3 /* TabbarViewController.swift */; };
		9CE8BA0A24FCD2A5001EA3A3 /* TabbarView.swift in Sources */ = {isa = PBXBuildFile; fileRef = 9CE8BA0924FCD2A5001EA3A3 /* TabbarView.swift */; };
		9CE8BA0C24FCD2AD001EA3A3 /* TabbarView.xib in Resources */ = {isa = PBXBuildFile; fileRef = 9CE8BA0B24FCD2AD001EA3A3 /* TabbarView.xib */; };
		9CE8BA0E24FCD564001EA3A3 /* 8957173.png in Resources */ = {isa = PBXBuildFile; fileRef = 9CE8BA0D24FCD564001EA3A3 /* 8957173.png */; };
/* End PBXBuildFile section */

/* Begin PBXContainerItemProxy section */
		9C74EB93246D19BD00A3CF1D /* PBXContainerItemProxy */ = {
			isa = PBXContainerItemProxy;
			containerPortal = 9C74EB71246D19B900A3CF1D /* Project object */;
			proxyType = 1;
			remoteGlobalIDString = 9C74EB78246D19B900A3CF1D;
			remoteInfo = MVVMExample;
		};
		9C74EB9E246D19BD00A3CF1D /* PBXContainerItemProxy */ = {
			isa = PBXContainerItemProxy;
			containerPortal = 9C74EB71246D19B900A3CF1D /* Project object */;
			proxyType = 1;
			remoteGlobalIDString = 9C74EB78246D19B900A3CF1D;
			remoteInfo = MVVMExample;
		};
/* End PBXContainerItemProxy section */

/* Begin PBXFileReference section */
		09BC282424C19BB400D874CE /* MVVM.podspec */ = {isa = PBXFileReference; fileEncoding = 4; lastKnownFileType = text; name = MVVM.podspec; path = ../../MVVM.podspec; sourceTree = "<group>"; xcLanguageSpecificationIdentifier = xcode.lang.ruby; };
		48D7E9E7E062208592A06C56 /* Pods_MVVMExample.framework */ = {isa = PBXFileReference; explicitFileType = wrapper.framework; includeInIndex = 0; path = Pods_MVVMExample.framework; sourceTree = BUILT_PRODUCTS_DIR; };
		6CFBB59025124645003299A2 /* TimelinePage.swift */ = {isa = PBXFileReference; lastKnownFileType = sourcecode.swift; path = TimelinePage.swift; sourceTree = "<group>"; };
		6CFBB59125124645003299A2 /* TimelinePage.xib */ = {isa = PBXFileReference; lastKnownFileType = file.xib; path = TimelinePage.xib; sourceTree = "<group>"; };
		6CFBB5952512468D003299A2 /* TimelinePageViewModel.swift */ = {isa = PBXFileReference; lastKnownFileType = sourcecode.swift; path = TimelinePageViewModel.swift; sourceTree = "<group>"; };
		6E3F9E073AAD23DDEDEDF6C0 /* Pods-MVVMExampleTests.debug.xcconfig */ = {isa = PBXFileReference; includeInIndex = 1; lastKnownFileType = text.xcconfig; name = "Pods-MVVMExampleTests.debug.xcconfig"; path = "Target Support Files/Pods-MVVMExampleTests/Pods-MVVMExampleTests.debug.xcconfig"; sourceTree = "<group>"; };
		7211968690451096C8F33742 /* Pods-MVVMExample-MVVMExampleUITests.release.xcconfig */ = {isa = PBXFileReference; includeInIndex = 1; lastKnownFileType = text.xcconfig; name = "Pods-MVVMExample-MVVMExampleUITests.release.xcconfig"; path = "Target Support Files/Pods-MVVMExample-MVVMExampleUITests/Pods-MVVMExample-MVVMExampleUITests.release.xcconfig"; sourceTree = "<group>"; };
		761894C7965A87309B09B45A /* Pods-MVVMExampleTests.release.xcconfig */ = {isa = PBXFileReference; includeInIndex = 1; lastKnownFileType = text.xcconfig; name = "Pods-MVVMExampleTests.release.xcconfig"; path = "Target Support Files/Pods-MVVMExampleTests/Pods-MVVMExampleTests.release.xcconfig"; sourceTree = "<group>"; };
		894012541B79417142E9AD66 /* Pods-MVVMExample-MVVMExampleUITests.debug.xcconfig */ = {isa = PBXFileReference; includeInIndex = 1; lastKnownFileType = text.xcconfig; name = "Pods-MVVMExample-MVVMExampleUITests.debug.xcconfig"; path = "Target Support Files/Pods-MVVMExample-MVVMExampleUITests/Pods-MVVMExample-MVVMExampleUITests.debug.xcconfig"; sourceTree = "<group>"; };
		97C3B9A82D5320B68365A108 /* Pods-MVVMExample.release.xcconfig */ = {isa = PBXFileReference; includeInIndex = 1; lastKnownFileType = text.xcconfig; name = "Pods-MVVMExample.release.xcconfig"; path = "Target Support Files/Pods-MVVMExample/Pods-MVVMExample.release.xcconfig"; sourceTree = "<group>"; };
		9C004D8124FCD954007E9298 /* TabbarControllerViewModel.swift */ = {isa = PBXFileReference; lastKnownFileType = sourcecode.swift; path = TabbarControllerViewModel.swift; sourceTree = "<group>"; };
		9C0C751B24E281F600FE58DA /* NetworkServiceTests.swift */ = {isa = PBXFileReference; lastKnownFileType = sourcecode.swift; path = NetworkServiceTests.swift; sourceTree = "<group>"; };
		9C0C751E24E2836A00FE58DA /* ContactPageTests.swift */ = {isa = PBXFileReference; lastKnownFileType = sourcecode.swift; path = ContactPageTests.swift; sourceTree = "<group>"; };
		9C2D3BF42513097400F412DD /* ActivityCell.swift */ = {isa = PBXFileReference; lastKnownFileType = sourcecode.swift; path = ActivityCell.swift; sourceTree = "<group>"; };
		9C2D3BF52513097400F412DD /* ActivityCell.xib */ = {isa = PBXFileReference; lastKnownFileType = file.xib; path = ActivityCell.xib; sourceTree = "<group>"; };
		9C2D3BFA251309F300F412DD /* ActivityCellViewModel.swift */ = {isa = PBXFileReference; lastKnownFileType = sourcecode.swift; path = ActivityCellViewModel.swift; sourceTree = "<group>"; };
		9C59386824D9345900AB6F1E /* LocalizeStringConfigs.swift */ = {isa = PBXFileReference; lastKnownFileType = sourcecode.swift; path = LocalizeStringConfigs.swift; sourceTree = "<group>"; };
		9C59386B24D9355100AB6F1E /* Base */ = {isa = PBXFileReference; lastKnownFileType = text.plist.strings; name = Base; path = MVVMExample/Base.lproj/Localizable.strings; sourceTree = SOURCE_ROOT; };
		9C59386D24D9357600AB6F1E /* en */ = {isa = PBXFileReference; lastKnownFileType = text.plist.strings; name = en; path = ../en.lproj/Localizable.strings; sourceTree = "<group>"; };
		9C59387624D9440200AB6F1E /* ja */ = {isa = PBXFileReference; lastKnownFileType = text.plist.strings; name = ja; path = ja.lproj/Main.strings; sourceTree = "<group>"; };
		9C59387724D9440200AB6F1E /* ja */ = {isa = PBXFileReference; lastKnownFileType = text.plist.strings; name = ja; path = ja.lproj/LaunchScreen.strings; sourceTree = "<group>"; };
		9C59387824D9440200AB6F1E /* ja */ = {isa = PBXFileReference; lastKnownFileType = text.plist.strings; name = ja; path = ../ja.lproj/Localizable.strings; sourceTree = "<group>"; };
		9C6504A02501DAD1004B4696 /* TabPage.swift */ = {isa = PBXFileReference; lastKnownFileType = sourcecode.swift; path = TabPage.swift; sourceTree = "<group>"; };
		9C6504A12501DAD1004B4696 /* TabPage.xib */ = {isa = PBXFileReference; lastKnownFileType = file.xib; path = TabPage.xib; sourceTree = "<group>"; };
		9C6504A52501DB0B004B4696 /* TabPageViewModel.swift */ = {isa = PBXFileReference; lastKnownFileType = sourcecode.swift; path = TabPageViewModel.swift; sourceTree = "<group>"; };
		9C6504A82501E4CE004B4696 /* ColorConfig.swift */ = {isa = PBXFileReference; lastKnownFileType = sourcecode.swift; path = ColorConfig.swift; sourceTree = "<group>"; };
		9C6504AA2501EF8B004B4696 /* DeviceManager.swift */ = {isa = PBXFileReference; lastKnownFileType = sourcecode.swift; path = DeviceManager.swift; sourceTree = "<group>"; };
		9C74EB79246D19B900A3CF1D /* MVVMExample.app */ = {isa = PBXFileReference; explicitFileType = wrapper.application; includeInIndex = 0; path = MVVMExample.app; sourceTree = BUILT_PRODUCTS_DIR; };
		9C74EB7C246D19B900A3CF1D /* AppDelegate.swift */ = {isa = PBXFileReference; lastKnownFileType = sourcecode.swift; path = AppDelegate.swift; sourceTree = "<group>"; };
		9C74EB80246D19B900A3CF1D /* ViewController.swift */ = {isa = PBXFileReference; lastKnownFileType = sourcecode.swift; path = ViewController.swift; sourceTree = "<group>"; };
		9C74EB83246D19B900A3CF1D /* Base */ = {isa = PBXFileReference; lastKnownFileType = file.storyboard; name = Base; path = Base.lproj/Main.storyboard; sourceTree = "<group>"; };
		9C74EB86246D19B900A3CF1D /* MVVMExample.xcdatamodel */ = {isa = PBXFileReference; lastKnownFileType = wrapper.xcdatamodel; path = MVVMExample.xcdatamodel; sourceTree = "<group>"; };
		9C74EB88246D19BC00A3CF1D /* Assets.xcassets */ = {isa = PBXFileReference; lastKnownFileType = folder.assetcatalog; path = Assets.xcassets; sourceTree = "<group>"; };
		9C74EB8B246D19BC00A3CF1D /* Base */ = {isa = PBXFileReference; lastKnownFileType = file.storyboard; name = Base; path = Base.lproj/LaunchScreen.storyboard; sourceTree = "<group>"; };
		9C74EB8D246D19BC00A3CF1D /* Info.plist */ = {isa = PBXFileReference; lastKnownFileType = text.plist.xml; path = Info.plist; sourceTree = "<group>"; };
		9C74EB92246D19BD00A3CF1D /* MVVMExampleTests.xctest */ = {isa = PBXFileReference; explicitFileType = wrapper.cfbundle; includeInIndex = 0; path = MVVMExampleTests.xctest; sourceTree = BUILT_PRODUCTS_DIR; };
		9C74EB96246D19BD00A3CF1D /* MVVMExampleTests.swift */ = {isa = PBXFileReference; lastKnownFileType = sourcecode.swift; path = MVVMExampleTests.swift; sourceTree = "<group>"; };
		9C74EB98246D19BD00A3CF1D /* Info.plist */ = {isa = PBXFileReference; lastKnownFileType = text.plist.xml; path = Info.plist; sourceTree = "<group>"; };
		9C74EB9D246D19BD00A3CF1D /* MVVMExampleUITests.xctest */ = {isa = PBXFileReference; explicitFileType = wrapper.cfbundle; includeInIndex = 0; path = MVVMExampleUITests.xctest; sourceTree = BUILT_PRODUCTS_DIR; };
		9C74EBA1246D19BD00A3CF1D /* MVVMExampleUITests.swift */ = {isa = PBXFileReference; lastKnownFileType = sourcecode.swift; path = MVVMExampleUITests.swift; sourceTree = "<group>"; };
		9C74EBA3246D19BD00A3CF1D /* Info.plist */ = {isa = PBXFileReference; lastKnownFileType = text.plist.xml; path = Info.plist; sourceTree = "<group>"; };
		9C8268F424BEEB9C008497A6 /* AlertServices.swift */ = {isa = PBXFileReference; lastKnownFileType = sourcecode.swift; path = AlertServices.swift; sourceTree = "<group>"; };
		9CB0D87725130BF2009826B2 /* ActivityModel.swift */ = {isa = PBXFileReference; lastKnownFileType = sourcecode.swift; path = ActivityModel.swift; sourceTree = "<group>"; };
		9CB0D87925131149009826B2 /* NetworkService+Timeline.swift */ = {isa = PBXFileReference; lastKnownFileType = sourcecode.swift; path = "NetworkService+Timeline.swift"; sourceTree = "<group>"; };
		9CB0D87B2513141F009826B2 /* TimelineResponseModel.swift */ = {isa = PBXFileReference; lastKnownFileType = sourcecode.swift; path = TimelineResponseModel.swift; sourceTree = "<group>"; };
		9CB0D87D25131505009826B2 /* TimelineModel.swift */ = {isa = PBXFileReference; lastKnownFileType = sourcecode.swift; path = TimelineModel.swift; sourceTree = "<group>"; };
		9CB0D87F251363E5009826B2 /* TimelineCellViewModel.swift */ = {isa = PBXFileReference; lastKnownFileType = sourcecode.swift; path = TimelineCellViewModel.swift; sourceTree = "<group>"; };
		9CB0D8832513656D009826B2 /* TimeLineCell.swift */ = {isa = PBXFileReference; lastKnownFileType = sourcecode.swift; path = TimeLineCell.swift; sourceTree = "<group>"; };
		9CB0D8842513656D009826B2 /* TimeLineCell.xib */ = {isa = PBXFileReference; lastKnownFileType = file.xib; path = TimeLineCell.xib; sourceTree = "<group>"; };
		9CB799A92514574000902E3A /* UserInfoModel.swift */ = {isa = PBXFileReference; lastKnownFileType = sourcecode.swift; path = UserInfoModel.swift; sourceTree = "<group>"; };
		9CC01B6124DA58F700995A07 /* README.md */ = {isa = PBXFileReference; fileEncoding = 4; lastKnownFileType = net.daringfireball.markdown; name = README.md; path = ../../README.md; sourceTree = "<group>"; };
		9CCBA65E247AB20000D73A7B /* Constants.swift */ = {isa = PBXFileReference; lastKnownFileType = sourcecode.swift; path = Constants.swift; sourceTree = "<group>"; };
		9CCBA662247AC21E00D73A7B /* APIService.swift */ = {isa = PBXFileReference; lastKnownFileType = sourcecode.swift; path = APIService.swift; sourceTree = "<group>"; };
		9CCBA664247AC29C00D73A7B /* NetworkServices.swift */ = {isa = PBXFileReference; lastKnownFileType = sourcecode.swift; path = NetworkServices.swift; sourceTree = "<group>"; };
		9CE8BA0424FCD1F8001EA3A3 /* TabbarViewController.swift */ = {isa = PBXFileReference; lastKnownFileType = sourcecode.swift; path = TabbarViewController.swift; sourceTree = "<group>"; };
		9CE8BA0924FCD2A5001EA3A3 /* TabbarView.swift */ = {isa = PBXFileReference; lastKnownFileType = sourcecode.swift; path = TabbarView.swift; sourceTree = "<group>"; };
		9CE8BA0B24FCD2AD001EA3A3 /* TabbarView.xib */ = {isa = PBXFileReference; lastKnownFileType = file.xib; path = TabbarView.xib; sourceTree = "<group>"; };
		9CE8BA0D24FCD564001EA3A3 /* 8957173.png */ = {isa = PBXFileReference; lastKnownFileType = image.png; name = 8957173.png; path = Assets.xcassets/AppIcon.appiconset/8957173.png; sourceTree = "<group>"; };
		AC8701C11AFE83CCBACF60AF /* Pods-MVVMExample.debug.xcconfig */ = {isa = PBXFileReference; includeInIndex = 1; lastKnownFileType = text.xcconfig; name = "Pods-MVVMExample.debug.xcconfig"; path = "Target Support Files/Pods-MVVMExample/Pods-MVVMExample.debug.xcconfig"; sourceTree = "<group>"; };
		D09415DDFBD3132436ED59D9 /* Pods_MVVMExampleTests.framework */ = {isa = PBXFileReference; explicitFileType = wrapper.framework; includeInIndex = 0; path = Pods_MVVMExampleTests.framework; sourceTree = BUILT_PRODUCTS_DIR; };
		F9358D747A0B5C8E5411F9A1 /* Pods_MVVMExample_MVVMExampleUITests.framework */ = {isa = PBXFileReference; explicitFileType = wrapper.framework; includeInIndex = 0; path = Pods_MVVMExample_MVVMExampleUITests.framework; sourceTree = BUILT_PRODUCTS_DIR; };
/* End PBXFileReference section */

/* Begin PBXFrameworksBuildPhase section */
		9C74EB76246D19B900A3CF1D /* Frameworks */ = {
			isa = PBXFrameworksBuildPhase;
			buildActionMask = 2147483647;
			files = (
				3579A4D15E28F22B20BF9FD7 /* Pods_MVVMExample.framework in Frameworks */,
			);
			runOnlyForDeploymentPostprocessing = 0;
		};
		9C74EB8F246D19BD00A3CF1D /* Frameworks */ = {
			isa = PBXFrameworksBuildPhase;
			buildActionMask = 2147483647;
			files = (
				4D6A5B2A394A722435A693DC /* Pods_MVVMExampleTests.framework in Frameworks */,
			);
			runOnlyForDeploymentPostprocessing = 0;
		};
		9C74EB9A246D19BD00A3CF1D /* Frameworks */ = {
			isa = PBXFrameworksBuildPhase;
			buildActionMask = 2147483647;
			files = (
				5671E3ABD4CD31A9F77A2149 /* Pods_MVVMExample_MVVMExampleUITests.framework in Frameworks */,
			);
			runOnlyForDeploymentPostprocessing = 0;
		};
/* End PBXFrameworksBuildPhase section */

/* Begin PBXGroup section */
		2E8556F45D63B88A1B0DA4A1 /* Frameworks */ = {
			isa = PBXGroup;
			children = (
				48D7E9E7E062208592A06C56 /* Pods_MVVMExample.framework */,
				F9358D747A0B5C8E5411F9A1 /* Pods_MVVMExample_MVVMExampleUITests.framework */,
				D09415DDFBD3132436ED59D9 /* Pods_MVVMExampleTests.framework */,
			);
			name = Frameworks;
			sourceTree = "<group>";
		};
		6CFBB58F25124610003299A2 /* TimelinePage */ = {
			isa = PBXGroup;
			children = (
				9C2D3BF32513095C00F412DD /* Cells */,
				6CFBB59425124671003299A2 /* ViewModel */,
				6CFBB59025124645003299A2 /* TimelinePage.swift */,
				6CFBB59125124645003299A2 /* TimelinePage.xib */,
			);
			path = TimelinePage;
			sourceTree = "<group>";
		};
		6CFBB59425124671003299A2 /* ViewModel */ = {
			isa = PBXGroup;
			children = (
				6CFBB5952512468D003299A2 /* TimelinePageViewModel.swift */,
			);
			path = ViewModel;
			sourceTree = "<group>";
		};
		9C004D8024FCD92E007E9298 /* ViewModel */ = {
			isa = PBXGroup;
			children = (
				9C004D8124FCD954007E9298 /* TabbarControllerViewModel.swift */,
			);
			path = ViewModel;
			sourceTree = "<group>";
		};
		9C0C751824E2819800FE58DA /* NetworkService */ = {
			isa = PBXGroup;
			children = (
				9C0C751B24E281F600FE58DA /* NetworkServiceTests.swift */,
			);
			path = NetworkService;
			sourceTree = "<group>";
		};
		9C0C751D24E282DE00FE58DA /* ContactPage */ = {
			isa = PBXGroup;
			children = (
				9C0C751E24E2836A00FE58DA /* ContactPageTests.swift */,
			);
			path = ContactPage;
			sourceTree = "<group>";
		};
		9C2D3BF32513095C00F412DD /* Cells */ = {
			isa = PBXGroup;
			children = (
				9CB0D88125136549009826B2 /* TimeLine */,
				9C2D3BF8251309A800F412DD /* Activity */,
			);
			path = Cells;
			sourceTree = "<group>";
		};
		9C2D3BF8251309A800F412DD /* Activity */ = {
			isa = PBXGroup;
			children = (
				9C2D3BF9251309B300F412DD /* CellViewModel */,
				9C2D3BF42513097400F412DD /* ActivityCell.swift */,
				9C2D3BF52513097400F412DD /* ActivityCell.xib */,
			);
			path = Activity;
			sourceTree = "<group>";
		};
		9C2D3BF9251309B300F412DD /* CellViewModel */ = {
			isa = PBXGroup;
			children = (
				9C2D3BFA251309F300F412DD /* ActivityCellViewModel.swift */,
			);
			path = CellViewModel;
			sourceTree = "<group>";
		};
		9C59386724D9341000AB6F1E /* Localization */ = {
			isa = PBXGroup;
			children = (
				9C59386824D9345900AB6F1E /* LocalizeStringConfigs.swift */,
				9C59386A24D9355100AB6F1E /* Localizable.strings */,
			);
			path = Localization;
			sourceTree = "<group>";
		};
		9C65049F2501DAB7004B4696 /* TabPage */ = {
			isa = PBXGroup;
			children = (
				9C6504A42501DADA004B4696 /* TabPageViewModel */,
				9C6504A02501DAD1004B4696 /* TabPage.swift */,
				9C6504A12501DAD1004B4696 /* TabPage.xib */,
			);
			path = TabPage;
			sourceTree = "<group>";
		};
		9C6504A42501DADA004B4696 /* TabPageViewModel */ = {
			isa = PBXGroup;
			children = (
				9C6504A52501DB0B004B4696 /* TabPageViewModel.swift */,
			);
			path = TabPageViewModel;
			sourceTree = "<group>";
		};
		9C74EB70246D19B900A3CF1D = {
			isa = PBXGroup;
			children = (
				9C74EB7B246D19B900A3CF1D /* MVVMExample */,
				9C74EB95246D19BD00A3CF1D /* MVVMExampleTests */,
				9C74EBA0246D19BD00A3CF1D /* MVVMExampleUITests */,
				9C74EB7A246D19B900A3CF1D /* Products */,
				CAC143D797302DACA72C73A9 /* Pods */,
				2E8556F45D63B88A1B0DA4A1 /* Frameworks */,
			);
			sourceTree = "<group>";
		};
		9C74EB7A246D19B900A3CF1D /* Products */ = {
			isa = PBXGroup;
			children = (
				9C74EB79246D19B900A3CF1D /* MVVMExample.app */,
				9C74EB92246D19BD00A3CF1D /* MVVMExampleTests.xctest */,
				9C74EB9D246D19BD00A3CF1D /* MVVMExampleUITests.xctest */,
			);
			name = Products;
			sourceTree = "<group>";
		};
		9C74EB7B246D19B900A3CF1D /* MVVMExample */ = {
			isa = PBXGroup;
			children = (
				9CC01B6124DA58F700995A07 /* README.md */,
				09BC282424C19BB400D874CE /* MVVM.podspec */,
				9CCBA65D247AB1EB00D73A7B /* SystemConfiguration */,
				9CCBA656247A79F300D73A7B /* Services */,
				9C74EBBE246D1B5A00A3CF1D /* Models */,
				9C74EBAF246D1A0B00A3CF1D /* Page */,
				9C59386724D9341000AB6F1E /* Localization */,
				9C74EB7C246D19B900A3CF1D /* AppDelegate.swift */,
				9C74EB80246D19B900A3CF1D /* ViewController.swift */,
				9C74EB82246D19B900A3CF1D /* Main.storyboard */,
				9CE8BA0D24FCD564001EA3A3 /* 8957173.png */,
				9C74EB88246D19BC00A3CF1D /* Assets.xcassets */,
				9C74EB8A246D19BC00A3CF1D /* LaunchScreen.storyboard */,
				9C74EB8D246D19BC00A3CF1D /* Info.plist */,
				9C74EB85246D19B900A3CF1D /* MVVMExample.xcdatamodeld */,
			);
			path = MVVMExample;
			sourceTree = "<group>";
		};
		9C74EB95246D19BD00A3CF1D /* MVVMExampleTests */ = {
			isa = PBXGroup;
			children = (
				9C0C751D24E282DE00FE58DA /* ContactPage */,
				9C0C751824E2819800FE58DA /* NetworkService */,
				9C74EB96246D19BD00A3CF1D /* MVVMExampleTests.swift */,
				9C74EB98246D19BD00A3CF1D /* Info.plist */,
			);
			path = MVVMExampleTests;
			sourceTree = "<group>";
		};
		9C74EBA0246D19BD00A3CF1D /* MVVMExampleUITests */ = {
			isa = PBXGroup;
			children = (
				9C74EBA1246D19BD00A3CF1D /* MVVMExampleUITests.swift */,
				9C74EBA3246D19BD00A3CF1D /* Info.plist */,
			);
			path = MVVMExampleUITests;
			sourceTree = "<group>";
		};
		9C74EBAF246D1A0B00A3CF1D /* Page */ = {
			isa = PBXGroup;
			children = (
				9CE8BA0324FCD12C001EA3A3 /* TabbarController */,
			);
			path = Page;
			sourceTree = "<group>";
		};
		9C74EBBE246D1B5A00A3CF1D /* Models */ = {
			isa = PBXGroup;
			children = (
				9CB0D87725130BF2009826B2 /* ActivityModel.swift */,
				9CB0D87B2513141F009826B2 /* TimelineResponseModel.swift */,
				9CB0D87D25131505009826B2 /* TimelineModel.swift */,
				9CB799A92514574000902E3A /* UserInfoModel.swift */,
			);
			path = Models;
			sourceTree = "<group>";
		};
		9CA044C424D9040F00F4673A /* AlamofireService */ = {
			isa = PBXGroup;
			children = (
				9CCBA662247AC21E00D73A7B /* APIService.swift */,
				9CCBA664247AC29C00D73A7B /* NetworkServices.swift */,
				9CB0D87925131149009826B2 /* NetworkService+Timeline.swift */,
			);
			path = AlamofireService;
			sourceTree = "<group>";
		};
		9CB0D88125136549009826B2 /* TimeLine */ = {
			isa = PBXGroup;
			children = (
				9CB0D88225136550009826B2 /* CellViewModel */,
				9CB0D8832513656D009826B2 /* TimeLineCell.swift */,
				9CB0D8842513656D009826B2 /* TimeLineCell.xib */,
			);
			path = TimeLine;
			sourceTree = "<group>";
		};
		9CB0D88225136550009826B2 /* CellViewModel */ = {
			isa = PBXGroup;
			children = (
				9CB0D87F251363E5009826B2 /* TimelineCellViewModel.swift */,
			);
			path = CellViewModel;
			sourceTree = "<group>";
		};
		9CCBA656247A79F300D73A7B /* Services */ = {
			isa = PBXGroup;
			children = (
				9CD35C2024D836ED0087B8CF /* AlertService */,
				9CD35C1F24D836D80087B8CF /* NetworkServices */,
			);
			path = Services;
			sourceTree = "<group>";
		};
		9CCBA65D247AB1EB00D73A7B /* SystemConfiguration */ = {
			isa = PBXGroup;
			children = (
				9CCBA65E247AB20000D73A7B /* Constants.swift */,
				9C6504A82501E4CE004B4696 /* ColorConfig.swift */,
				9C6504AA2501EF8B004B4696 /* DeviceManager.swift */,
			);
			path = SystemConfiguration;
			sourceTree = "<group>";
		};
		9CD35C1F24D836D80087B8CF /* NetworkServices */ = {
			isa = PBXGroup;
			children = (
				9CA044C424D9040F00F4673A /* AlamofireService */,
			);
			path = NetworkServices;
			sourceTree = "<group>";
		};
		9CD35C2024D836ED0087B8CF /* AlertService */ = {
			isa = PBXGroup;
			children = (
				9C8268F424BEEB9C008497A6 /* AlertServices.swift */,
			);
			path = AlertService;
			sourceTree = "<group>";
		};
		9CE8BA0324FCD12C001EA3A3 /* TabbarController */ = {
			isa = PBXGroup;
			children = (
				6CFBB58F25124610003299A2 /* TimelinePage */,
				9C65049F2501DAB7004B4696 /* TabPage */,
				9C004D8024FCD92E007E9298 /* ViewModel */,
				9CE8BA0824FCD27F001EA3A3 /* TabbarView */,
				9CE8BA0424FCD1F8001EA3A3 /* TabbarViewController.swift */,
			);
			path = TabbarController;
			sourceTree = "<group>";
		};
		9CE8BA0824FCD27F001EA3A3 /* TabbarView */ = {
			isa = PBXGroup;
			children = (
				9CE8BA0924FCD2A5001EA3A3 /* TabbarView.swift */,
				9CE8BA0B24FCD2AD001EA3A3 /* TabbarView.xib */,
			);
			path = TabbarView;
			sourceTree = "<group>";
		};
		CAC143D797302DACA72C73A9 /* Pods */ = {
			isa = PBXGroup;
			children = (
				AC8701C11AFE83CCBACF60AF /* Pods-MVVMExample.debug.xcconfig */,
				97C3B9A82D5320B68365A108 /* Pods-MVVMExample.release.xcconfig */,
				894012541B79417142E9AD66 /* Pods-MVVMExample-MVVMExampleUITests.debug.xcconfig */,
				7211968690451096C8F33742 /* Pods-MVVMExample-MVVMExampleUITests.release.xcconfig */,
				6E3F9E073AAD23DDEDEDF6C0 /* Pods-MVVMExampleTests.debug.xcconfig */,
				761894C7965A87309B09B45A /* Pods-MVVMExampleTests.release.xcconfig */,
			);
			path = Pods;
			sourceTree = "<group>";
		};
/* End PBXGroup section */

/* Begin PBXNativeTarget section */
		9C74EB78246D19B900A3CF1D /* MVVMExample */ = {
			isa = PBXNativeTarget;
			buildConfigurationList = 9C74EBA6246D19BD00A3CF1D /* Build configuration list for PBXNativeTarget "MVVMExample" */;
			buildPhases = (
				17205E8EBC4B79B9DC20C524 /* [CP] Check Pods Manifest.lock */,
				9C74EB75246D19B900A3CF1D /* Sources */,
				9C74EB76246D19B900A3CF1D /* Frameworks */,
				9C74EB77246D19B900A3CF1D /* Resources */,
				3B23F5C7F070AAC4714CD455 /* [CP] Embed Pods Frameworks */,
			);
			buildRules = (
			);
			dependencies = (
			);
			name = MVVMExample;
			productName = MVVMExample;
			productReference = 9C74EB79246D19B900A3CF1D /* MVVMExample.app */;
			productType = "com.apple.product-type.application";
		};
		9C74EB91246D19BD00A3CF1D /* MVVMExampleTests */ = {
			isa = PBXNativeTarget;
			buildConfigurationList = 9C74EBA9246D19BD00A3CF1D /* Build configuration list for PBXNativeTarget "MVVMExampleTests" */;
			buildPhases = (
				AABF5D4A9EBCE53CA15699F6 /* [CP] Check Pods Manifest.lock */,
				9C74EB8E246D19BD00A3CF1D /* Sources */,
				9C74EB8F246D19BD00A3CF1D /* Frameworks */,
				9C74EB90246D19BD00A3CF1D /* Resources */,
				620DE38DCF2E1508B2EDA466 /* [CP] Embed Pods Frameworks */,
			);
			buildRules = (
			);
			dependencies = (
				9C74EB94246D19BD00A3CF1D /* PBXTargetDependency */,
			);
			name = MVVMExampleTests;
			productName = MVVMExampleTests;
			productReference = 9C74EB92246D19BD00A3CF1D /* MVVMExampleTests.xctest */;
			productType = "com.apple.product-type.bundle.unit-test";
		};
		9C74EB9C246D19BD00A3CF1D /* MVVMExampleUITests */ = {
			isa = PBXNativeTarget;
			buildConfigurationList = 9C74EBAC246D19BD00A3CF1D /* Build configuration list for PBXNativeTarget "MVVMExampleUITests" */;
			buildPhases = (
				2123688030F1B62329673AA0 /* [CP] Check Pods Manifest.lock */,
				9C74EB99246D19BD00A3CF1D /* Sources */,
				9C74EB9A246D19BD00A3CF1D /* Frameworks */,
				9C74EB9B246D19BD00A3CF1D /* Resources */,
				84F59577EE9FA08D1C28CC26 /* [CP] Embed Pods Frameworks */,
			);
			buildRules = (
			);
			dependencies = (
				9C74EB9F246D19BD00A3CF1D /* PBXTargetDependency */,
			);
			name = MVVMExampleUITests;
			productName = MVVMExampleUITests;
			productReference = 9C74EB9D246D19BD00A3CF1D /* MVVMExampleUITests.xctest */;
			productType = "com.apple.product-type.bundle.ui-testing";
		};
/* End PBXNativeTarget section */

/* Begin PBXProject section */
		9C74EB71246D19B900A3CF1D /* Project object */ = {
			isa = PBXProject;
			attributes = {
				LastSwiftUpdateCheck = 1130;
				LastUpgradeCheck = 1130;
				ORGANIZATIONNAME = "Sun*";
				TargetAttributes = {
					9C74EB78246D19B900A3CF1D = {
						CreatedOnToolsVersion = 11.3;
					};
					9C74EB91246D19BD00A3CF1D = {
						CreatedOnToolsVersion = 11.3;
						TestTargetID = 9C74EB78246D19B900A3CF1D;
					};
					9C74EB9C246D19BD00A3CF1D = {
						CreatedOnToolsVersion = 11.3;
						TestTargetID = 9C74EB78246D19B900A3CF1D;
					};
				};
			};
			buildConfigurationList = 9C74EB74246D19B900A3CF1D /* Build configuration list for PBXProject "MVVMExample" */;
			compatibilityVersion = "Xcode 9.3";
			developmentRegion = en;
			hasScannedForEncodings = 0;
			knownRegions = (
				en,
				Base,
				ja,
			);
			mainGroup = 9C74EB70246D19B900A3CF1D;
			productRefGroup = 9C74EB7A246D19B900A3CF1D /* Products */;
			projectDirPath = "";
			projectRoot = "";
			targets = (
				9C74EB78246D19B900A3CF1D /* MVVMExample */,
				9C74EB91246D19BD00A3CF1D /* MVVMExampleTests */,
				9C74EB9C246D19BD00A3CF1D /* MVVMExampleUITests */,
			);
		};
/* End PBXProject section */

/* Begin PBXResourcesBuildPhase section */
		9C74EB77246D19B900A3CF1D /* Resources */ = {
			isa = PBXResourcesBuildPhase;
			buildActionMask = 2147483647;
			files = (
				9CC01B6224DA58F700995A07 /* README.md in Resources */,
				09BC282524C19BB500D874CE /* MVVM.podspec in Resources */,
				9C2D3BF72513097500F412DD /* ActivityCell.xib in Resources */,
				9CB0D8862513656D009826B2 /* TimeLineCell.xib in Resources */,
				9C74EB8C246D19BC00A3CF1D /* LaunchScreen.storyboard in Resources */,
				9CE8BA0C24FCD2AD001EA3A3 /* TabbarView.xib in Resources */,
				9CE8BA0E24FCD564001EA3A3 /* 8957173.png in Resources */,
				9C74EB89246D19BC00A3CF1D /* Assets.xcassets in Resources */,
				6CFBB59325124645003299A2 /* TimelinePage.xib in Resources */,
				9C6504A32501DAD1004B4696 /* TabPage.xib in Resources */,
				9C59386C24D9355100AB6F1E /* Localizable.strings in Resources */,
				9C74EB84246D19B900A3CF1D /* Main.storyboard in Resources */,
			);
			runOnlyForDeploymentPostprocessing = 0;
		};
		9C74EB90246D19BD00A3CF1D /* Resources */ = {
			isa = PBXResourcesBuildPhase;
			buildActionMask = 2147483647;
			files = (
			);
			runOnlyForDeploymentPostprocessing = 0;
		};
		9C74EB9B246D19BD00A3CF1D /* Resources */ = {
			isa = PBXResourcesBuildPhase;
			buildActionMask = 2147483647;
			files = (
			);
			runOnlyForDeploymentPostprocessing = 0;
		};
/* End PBXResourcesBuildPhase section */

/* Begin PBXShellScriptBuildPhase section */
		17205E8EBC4B79B9DC20C524 /* [CP] Check Pods Manifest.lock */ = {
			isa = PBXShellScriptBuildPhase;
			buildActionMask = 2147483647;
			files = (
			);
			inputFileListPaths = (
			);
			inputPaths = (
				"${PODS_PODFILE_DIR_PATH}/Podfile.lock",
				"${PODS_ROOT}/Manifest.lock",
			);
			name = "[CP] Check Pods Manifest.lock";
			outputFileListPaths = (
			);
			outputPaths = (
				"$(DERIVED_FILE_DIR)/Pods-MVVMExample-checkManifestLockResult.txt",
			);
			runOnlyForDeploymentPostprocessing = 0;
			shellPath = /bin/sh;
			shellScript = "diff \"${PODS_PODFILE_DIR_PATH}/Podfile.lock\" \"${PODS_ROOT}/Manifest.lock\" > /dev/null\nif [ $? != 0 ] ; then\n    # print error to STDERR\n    echo \"error: The sandbox is not in sync with the Podfile.lock. Run 'pod install' or update your CocoaPods installation.\" >&2\n    exit 1\nfi\n# This output is used by Xcode 'outputs' to avoid re-running this script phase.\necho \"SUCCESS\" > \"${SCRIPT_OUTPUT_FILE_0}\"\n";
			showEnvVarsInLog = 0;
		};
		2123688030F1B62329673AA0 /* [CP] Check Pods Manifest.lock */ = {
			isa = PBXShellScriptBuildPhase;
			buildActionMask = 2147483647;
			files = (
			);
			inputFileListPaths = (
			);
			inputPaths = (
				"${PODS_PODFILE_DIR_PATH}/Podfile.lock",
				"${PODS_ROOT}/Manifest.lock",
			);
			name = "[CP] Check Pods Manifest.lock";
			outputFileListPaths = (
			);
			outputPaths = (
				"$(DERIVED_FILE_DIR)/Pods-MVVMExample-MVVMExampleUITests-checkManifestLockResult.txt",
			);
			runOnlyForDeploymentPostprocessing = 0;
			shellPath = /bin/sh;
			shellScript = "diff \"${PODS_PODFILE_DIR_PATH}/Podfile.lock\" \"${PODS_ROOT}/Manifest.lock\" > /dev/null\nif [ $? != 0 ] ; then\n    # print error to STDERR\n    echo \"error: The sandbox is not in sync with the Podfile.lock. Run 'pod install' or update your CocoaPods installation.\" >&2\n    exit 1\nfi\n# This output is used by Xcode 'outputs' to avoid re-running this script phase.\necho \"SUCCESS\" > \"${SCRIPT_OUTPUT_FILE_0}\"\n";
			showEnvVarsInLog = 0;
		};
		3B23F5C7F070AAC4714CD455 /* [CP] Embed Pods Frameworks */ = {
			isa = PBXShellScriptBuildPhase;
			buildActionMask = 2147483647;
			files = (
			);
			inputFileListPaths = (
				"${PODS_ROOT}/Target Support Files/Pods-MVVMExample/Pods-MVVMExample-frameworks-${CONFIGURATION}-input-files.xcfilelist",
			);
			name = "[CP] Embed Pods Frameworks";
			outputFileListPaths = (
				"${PODS_ROOT}/Target Support Files/Pods-MVVMExample/Pods-MVVMExample-frameworks-${CONFIGURATION}-output-files.xcfilelist",
			);
			runOnlyForDeploymentPostprocessing = 0;
			shellPath = /bin/sh;
			shellScript = "\"${PODS_ROOT}/Target Support Files/Pods-MVVMExample/Pods-MVVMExample-frameworks.sh\"\n";
			showEnvVarsInLog = 0;
		};
		620DE38DCF2E1508B2EDA466 /* [CP] Embed Pods Frameworks */ = {
			isa = PBXShellScriptBuildPhase;
			buildActionMask = 2147483647;
			files = (
			);
			inputFileListPaths = (
				"${PODS_ROOT}/Target Support Files/Pods-MVVMExampleTests/Pods-MVVMExampleTests-frameworks-${CONFIGURATION}-input-files.xcfilelist",
			);
			name = "[CP] Embed Pods Frameworks";
			outputFileListPaths = (
				"${PODS_ROOT}/Target Support Files/Pods-MVVMExampleTests/Pods-MVVMExampleTests-frameworks-${CONFIGURATION}-output-files.xcfilelist",
			);
			runOnlyForDeploymentPostprocessing = 0;
			shellPath = /bin/sh;
			shellScript = "\"${PODS_ROOT}/Target Support Files/Pods-MVVMExampleTests/Pods-MVVMExampleTests-frameworks.sh\"\n";
			showEnvVarsInLog = 0;
		};
		84F59577EE9FA08D1C28CC26 /* [CP] Embed Pods Frameworks */ = {
			isa = PBXShellScriptBuildPhase;
			buildActionMask = 2147483647;
			files = (
			);
			inputFileListPaths = (
				"${PODS_ROOT}/Target Support Files/Pods-MVVMExample-MVVMExampleUITests/Pods-MVVMExample-MVVMExampleUITests-frameworks-${CONFIGURATION}-input-files.xcfilelist",
			);
			name = "[CP] Embed Pods Frameworks";
			outputFileListPaths = (
				"${PODS_ROOT}/Target Support Files/Pods-MVVMExample-MVVMExampleUITests/Pods-MVVMExample-MVVMExampleUITests-frameworks-${CONFIGURATION}-output-files.xcfilelist",
			);
			runOnlyForDeploymentPostprocessing = 0;
			shellPath = /bin/sh;
			shellScript = "\"${PODS_ROOT}/Target Support Files/Pods-MVVMExample-MVVMExampleUITests/Pods-MVVMExample-MVVMExampleUITests-frameworks.sh\"\n";
			showEnvVarsInLog = 0;
		};
		AABF5D4A9EBCE53CA15699F6 /* [CP] Check Pods Manifest.lock */ = {
			isa = PBXShellScriptBuildPhase;
			buildActionMask = 2147483647;
			files = (
			);
			inputFileListPaths = (
			);
			inputPaths = (
				"${PODS_PODFILE_DIR_PATH}/Podfile.lock",
				"${PODS_ROOT}/Manifest.lock",
			);
			name = "[CP] Check Pods Manifest.lock";
			outputFileListPaths = (
			);
			outputPaths = (
				"$(DERIVED_FILE_DIR)/Pods-MVVMExampleTests-checkManifestLockResult.txt",
			);
			runOnlyForDeploymentPostprocessing = 0;
			shellPath = /bin/sh;
			shellScript = "diff \"${PODS_PODFILE_DIR_PATH}/Podfile.lock\" \"${PODS_ROOT}/Manifest.lock\" > /dev/null\nif [ $? != 0 ] ; then\n    # print error to STDERR\n    echo \"error: The sandbox is not in sync with the Podfile.lock. Run 'pod install' or update your CocoaPods installation.\" >&2\n    exit 1\nfi\n# This output is used by Xcode 'outputs' to avoid re-running this script phase.\necho \"SUCCESS\" > \"${SCRIPT_OUTPUT_FILE_0}\"\n";
			showEnvVarsInLog = 0;
		};
/* End PBXShellScriptBuildPhase section */

/* Begin PBXSourcesBuildPhase section */
		9C74EB75246D19B900A3CF1D /* Sources */ = {
			isa = PBXSourcesBuildPhase;
			buildActionMask = 2147483647;
			files = (
				9CB0D87A25131149009826B2 /* NetworkService+Timeline.swift in Sources */,
				9CE8BA0624FCD1F9001EA3A3 /* TabbarViewController.swift in Sources */,
				9CE8BA0A24FCD2A5001EA3A3 /* TabbarView.swift in Sources */,
				6CFBB59225124645003299A2 /* TimelinePage.swift in Sources */,
				9C004D8224FCD954007E9298 /* TabbarControllerViewModel.swift in Sources */,
				6CFBB5962512468D003299A2 /* TimelinePageViewModel.swift in Sources */,
				9C74EB81246D19B900A3CF1D /* ViewController.swift in Sources */,
				9C2D3BF62513097500F412DD /* ActivityCell.swift in Sources */,
				9CB0D87C2513141F009826B2 /* TimelineResponseModel.swift in Sources */,
				9C2D3BFB251309F300F412DD /* ActivityCellViewModel.swift in Sources */,
				9C59386924D9345900AB6F1E /* LocalizeStringConfigs.swift in Sources */,
				9CB799AA2514574000902E3A /* UserInfoModel.swift in Sources */,
				9CB0D880251363E5009826B2 /* TimelineCellViewModel.swift in Sources */,
				9C6504A62501DB0B004B4696 /* TabPageViewModel.swift in Sources */,
				9CCBA665247AC29C00D73A7B /* NetworkServices.swift in Sources */,
				9CCBA65F247AB20000D73A7B /* Constants.swift in Sources */,
				9C6504A92501E4CE004B4696 /* ColorConfig.swift in Sources */,
				9CB0D87825130BF2009826B2 /* ActivityModel.swift in Sources */,
				9C6504AB2501EF8B004B4696 /* DeviceManager.swift in Sources */,
				9CB0D87E25131505009826B2 /* TimelineModel.swift in Sources */,
				9CCBA663247AC21E00D73A7B /* APIService.swift in Sources */,
				9C6504A22501DAD1004B4696 /* TabPage.swift in Sources */,
				9C8268F524BEEB9C008497A6 /* AlertServices.swift in Sources */,
				9C74EB7D246D19B900A3CF1D /* AppDelegate.swift in Sources */,
				9C74EB87246D19B900A3CF1D /* MVVMExample.xcdatamodeld in Sources */,
				9CB0D8852513656D009826B2 /* TimeLineCell.swift in Sources */,
			);
			runOnlyForDeploymentPostprocessing = 0;
		};
		9C74EB8E246D19BD00A3CF1D /* Sources */ = {
			isa = PBXSourcesBuildPhase;
			buildActionMask = 2147483647;
			files = (
				9C0C751C24E281F600FE58DA /* NetworkServiceTests.swift in Sources */,
				9C74EB97246D19BD00A3CF1D /* MVVMExampleTests.swift in Sources */,
				9C0C751F24E2836A00FE58DA /* ContactPageTests.swift in Sources */,
			);
			runOnlyForDeploymentPostprocessing = 0;
		};
		9C74EB99246D19BD00A3CF1D /* Sources */ = {
			isa = PBXSourcesBuildPhase;
			buildActionMask = 2147483647;
			files = (
				9C74EBA2246D19BD00A3CF1D /* MVVMExampleUITests.swift in Sources */,
			);
			runOnlyForDeploymentPostprocessing = 0;
		};
/* End PBXSourcesBuildPhase section */

/* Begin PBXTargetDependency section */
		9C74EB94246D19BD00A3CF1D /* PBXTargetDependency */ = {
			isa = PBXTargetDependency;
			target = 9C74EB78246D19B900A3CF1D /* MVVMExample */;
			targetProxy = 9C74EB93246D19BD00A3CF1D /* PBXContainerItemProxy */;
		};
		9C74EB9F246D19BD00A3CF1D /* PBXTargetDependency */ = {
			isa = PBXTargetDependency;
			target = 9C74EB78246D19B900A3CF1D /* MVVMExample */;
			targetProxy = 9C74EB9E246D19BD00A3CF1D /* PBXContainerItemProxy */;
		};
/* End PBXTargetDependency section */

/* Begin PBXVariantGroup section */
		9C59386A24D9355100AB6F1E /* Localizable.strings */ = {
			isa = PBXVariantGroup;
			children = (
				9C59386B24D9355100AB6F1E /* Base */,
				9C59386D24D9357600AB6F1E /* en */,
				9C59387824D9440200AB6F1E /* ja */,
			);
			name = Localizable.strings;
			sourceTree = "<group>";
		};
		9C74EB82246D19B900A3CF1D /* Main.storyboard */ = {
			isa = PBXVariantGroup;
			children = (
				9C74EB83246D19B900A3CF1D /* Base */,
				9C59387624D9440200AB6F1E /* ja */,
			);
			name = Main.storyboard;
			sourceTree = "<group>";
		};
		9C74EB8A246D19BC00A3CF1D /* LaunchScreen.storyboard */ = {
			isa = PBXVariantGroup;
			children = (
				9C74EB8B246D19BC00A3CF1D /* Base */,
				9C59387724D9440200AB6F1E /* ja */,
			);
			name = LaunchScreen.storyboard;
			sourceTree = "<group>";
		};
/* End PBXVariantGroup section */

/* Begin XCBuildConfiguration section */
		9C74EBA4246D19BD00A3CF1D /* Debug */ = {
			isa = XCBuildConfiguration;
			buildSettings = {
				ALWAYS_SEARCH_USER_PATHS = NO;
				CLANG_ANALYZER_LOCALIZABILITY_NONLOCALIZED = YES;
				CLANG_ANALYZER_NONNULL = YES;
				CLANG_ANALYZER_NUMBER_OBJECT_CONVERSION = YES_AGGRESSIVE;
				CLANG_CXX_LANGUAGE_STANDARD = "gnu++14";
				CLANG_CXX_LIBRARY = "libc++";
				CLANG_ENABLE_MODULES = YES;
				CLANG_ENABLE_OBJC_ARC = YES;
				CLANG_ENABLE_OBJC_WEAK = YES;
				CLANG_WARN_BLOCK_CAPTURE_AUTORELEASING = YES;
				CLANG_WARN_BOOL_CONVERSION = YES;
				CLANG_WARN_COMMA = YES;
				CLANG_WARN_CONSTANT_CONVERSION = YES;
				CLANG_WARN_DEPRECATED_OBJC_IMPLEMENTATIONS = YES;
				CLANG_WARN_DIRECT_OBJC_ISA_USAGE = YES_ERROR;
				CLANG_WARN_DOCUMENTATION_COMMENTS = YES;
				CLANG_WARN_EMPTY_BODY = YES;
				CLANG_WARN_ENUM_CONVERSION = YES;
				CLANG_WARN_INFINITE_RECURSION = YES;
				CLANG_WARN_INT_CONVERSION = YES;
				CLANG_WARN_NON_LITERAL_NULL_CONVERSION = YES;
				CLANG_WARN_OBJC_IMPLICIT_RETAIN_SELF = YES;
				CLANG_WARN_OBJC_LITERAL_CONVERSION = YES;
				CLANG_WARN_OBJC_ROOT_CLASS = YES_ERROR;
				CLANG_WARN_RANGE_LOOP_ANALYSIS = YES;
				CLANG_WARN_STRICT_PROTOTYPES = YES;
				CLANG_WARN_SUSPICIOUS_MOVE = YES;
				CLANG_WARN_UNGUARDED_AVAILABILITY = YES_AGGRESSIVE;
				CLANG_WARN_UNREACHABLE_CODE = YES;
				CLANG_WARN__DUPLICATE_METHOD_MATCH = YES;
				COPY_PHASE_STRIP = NO;
				DEBUG_INFORMATION_FORMAT = dwarf;
				ENABLE_STRICT_OBJC_MSGSEND = YES;
				ENABLE_TESTABILITY = YES;
				GCC_C_LANGUAGE_STANDARD = gnu11;
				GCC_DYNAMIC_NO_PIC = NO;
				GCC_NO_COMMON_BLOCKS = YES;
				GCC_OPTIMIZATION_LEVEL = 0;
				GCC_PREPROCESSOR_DEFINITIONS = (
					"DEBUG=1",
					"$(inherited)",
				);
				GCC_WARN_64_TO_32_BIT_CONVERSION = YES;
				GCC_WARN_ABOUT_RETURN_TYPE = YES_ERROR;
				GCC_WARN_UNDECLARED_SELECTOR = YES;
				GCC_WARN_UNINITIALIZED_AUTOS = YES_AGGRESSIVE;
				GCC_WARN_UNUSED_FUNCTION = YES;
				GCC_WARN_UNUSED_VARIABLE = YES;
				IPHONEOS_DEPLOYMENT_TARGET = 13.2;
				MTL_ENABLE_DEBUG_INFO = INCLUDE_SOURCE;
				MTL_FAST_MATH = YES;
				ONLY_ACTIVE_ARCH = YES;
				SDKROOT = iphoneos;
				SWIFT_ACTIVE_COMPILATION_CONDITIONS = DEBUG;
				SWIFT_OPTIMIZATION_LEVEL = "-Onone";
			};
			name = Debug;
		};
		9C74EBA5246D19BD00A3CF1D /* Release */ = {
			isa = XCBuildConfiguration;
			buildSettings = {
				ALWAYS_SEARCH_USER_PATHS = NO;
				CLANG_ANALYZER_LOCALIZABILITY_NONLOCALIZED = YES;
				CLANG_ANALYZER_NONNULL = YES;
				CLANG_ANALYZER_NUMBER_OBJECT_CONVERSION = YES_AGGRESSIVE;
				CLANG_CXX_LANGUAGE_STANDARD = "gnu++14";
				CLANG_CXX_LIBRARY = "libc++";
				CLANG_ENABLE_MODULES = YES;
				CLANG_ENABLE_OBJC_ARC = YES;
				CLANG_ENABLE_OBJC_WEAK = YES;
				CLANG_WARN_BLOCK_CAPTURE_AUTORELEASING = YES;
				CLANG_WARN_BOOL_CONVERSION = YES;
				CLANG_WARN_COMMA = YES;
				CLANG_WARN_CONSTANT_CONVERSION = YES;
				CLANG_WARN_DEPRECATED_OBJC_IMPLEMENTATIONS = YES;
				CLANG_WARN_DIRECT_OBJC_ISA_USAGE = YES_ERROR;
				CLANG_WARN_DOCUMENTATION_COMMENTS = YES;
				CLANG_WARN_EMPTY_BODY = YES;
				CLANG_WARN_ENUM_CONVERSION = YES;
				CLANG_WARN_INFINITE_RECURSION = YES;
				CLANG_WARN_INT_CONVERSION = YES;
				CLANG_WARN_NON_LITERAL_NULL_CONVERSION = YES;
				CLANG_WARN_OBJC_IMPLICIT_RETAIN_SELF = YES;
				CLANG_WARN_OBJC_LITERAL_CONVERSION = YES;
				CLANG_WARN_OBJC_ROOT_CLASS = YES_ERROR;
				CLANG_WARN_RANGE_LOOP_ANALYSIS = YES;
				CLANG_WARN_STRICT_PROTOTYPES = YES;
				CLANG_WARN_SUSPICIOUS_MOVE = YES;
				CLANG_WARN_UNGUARDED_AVAILABILITY = YES_AGGRESSIVE;
				CLANG_WARN_UNREACHABLE_CODE = YES;
				CLANG_WARN__DUPLICATE_METHOD_MATCH = YES;
				COPY_PHASE_STRIP = NO;
				DEBUG_INFORMATION_FORMAT = "dwarf-with-dsym";
				ENABLE_NS_ASSERTIONS = NO;
				ENABLE_STRICT_OBJC_MSGSEND = YES;
				GCC_C_LANGUAGE_STANDARD = gnu11;
				GCC_NO_COMMON_BLOCKS = YES;
				GCC_WARN_64_TO_32_BIT_CONVERSION = YES;
				GCC_WARN_ABOUT_RETURN_TYPE = YES_ERROR;
				GCC_WARN_UNDECLARED_SELECTOR = YES;
				GCC_WARN_UNINITIALIZED_AUTOS = YES_AGGRESSIVE;
				GCC_WARN_UNUSED_FUNCTION = YES;
				GCC_WARN_UNUSED_VARIABLE = YES;
				IPHONEOS_DEPLOYMENT_TARGET = 13.2;
				MTL_ENABLE_DEBUG_INFO = NO;
				MTL_FAST_MATH = YES;
				SDKROOT = iphoneos;
				SWIFT_COMPILATION_MODE = wholemodule;
				SWIFT_OPTIMIZATION_LEVEL = "-O";
				VALIDATE_PRODUCT = YES;
			};
			name = Release;
		};
		9C74EBA7246D19BD00A3CF1D /* Debug */ = {
			isa = XCBuildConfiguration;
			baseConfigurationReference = AC8701C11AFE83CCBACF60AF /* Pods-MVVMExample.debug.xcconfig */;
			buildSettings = {
				ALWAYS_EMBED_SWIFT_STANDARD_LIBRARIES = YES;
				ASSETCATALOG_COMPILER_APPICON_NAME = AppIcon;
				CODE_SIGN_IDENTITY = "Apple Development";
				CODE_SIGN_STYLE = Automatic;
				DEVELOPMENT_TEAM = 747LG25T2M;
				INFOPLIST_FILE = MVVMExample/Info.plist;
				IPHONEOS_DEPLOYMENT_TARGET = 10.0;
				LD_RUNPATH_SEARCH_PATHS = (
					"$(inherited)",
					"@executable_path/Frameworks",
				);
				PRODUCT_BUNDLE_IDENTIFIER = com.mtlab.mvvm;
				PRODUCT_NAME = "$(TARGET_NAME)";
				PROVISIONING_PROFILE_SPECIFIER = "";
				SWIFT_VERSION = 5.0;
				TARGETED_DEVICE_FAMILY = "1,2";
			};
			name = Debug;
		};
		9C74EBA8246D19BD00A3CF1D /* Release */ = {
			isa = XCBuildConfiguration;
			baseConfigurationReference = 97C3B9A82D5320B68365A108 /* Pods-MVVMExample.release.xcconfig */;
			buildSettings = {
				ALWAYS_EMBED_SWIFT_STANDARD_LIBRARIES = YES;
				ASSETCATALOG_COMPILER_APPICON_NAME = AppIcon;
				CODE_SIGN_IDENTITY = "Apple Development";
				CODE_SIGN_STYLE = Automatic;
				DEVELOPMENT_TEAM = 747LG25T2M;
				INFOPLIST_FILE = MVVMExample/Info.plist;
				IPHONEOS_DEPLOYMENT_TARGET = 10.0;
				LD_RUNPATH_SEARCH_PATHS = (
					"$(inherited)",
					"@executable_path/Frameworks",
				);
				PRODUCT_BUNDLE_IDENTIFIER = com.mtlab.mvvm;
				PRODUCT_NAME = "$(TARGET_NAME)";
				PROVISIONING_PROFILE_SPECIFIER = "";
				SWIFT_VERSION = 5.0;
				TARGETED_DEVICE_FAMILY = "1,2";
			};
			name = Release;
		};
		9C74EBAA246D19BD00A3CF1D /* Debug */ = {
			isa = XCBuildConfiguration;
			baseConfigurationReference = 6E3F9E073AAD23DDEDEDF6C0 /* Pods-MVVMExampleTests.debug.xcconfig */;
			buildSettings = {
				ALWAYS_EMBED_SWIFT_STANDARD_LIBRARIES = YES;
				BUNDLE_LOADER = "$(TEST_HOST)";
				CODE_SIGN_STYLE = Automatic;
				DEVELOPMENT_TEAM = 747LG25T2M;
				INFOPLIST_FILE = MVVMExampleTests/Info.plist;
				IPHONEOS_DEPLOYMENT_TARGET = 13.2;
				LD_RUNPATH_SEARCH_PATHS = (
					"$(inherited)",
					"@executable_path/Frameworks",
					"@loader_path/Frameworks",
				);
				PRODUCT_BUNDLE_IDENTIFIER = com.mtlab.test.MVVMExampleTests;
				PRODUCT_NAME = "$(TARGET_NAME)";
				SWIFT_VERSION = 5.0;
				TARGETED_DEVICE_FAMILY = "1,2";
				TEST_HOST = "$(BUILT_PRODUCTS_DIR)/MVVMExample.app/MVVMExample";
			};
			name = Debug;
		};
		9C74EBAB246D19BD00A3CF1D /* Release */ = {
			isa = XCBuildConfiguration;
			baseConfigurationReference = 761894C7965A87309B09B45A /* Pods-MVVMExampleTests.release.xcconfig */;
			buildSettings = {
				ALWAYS_EMBED_SWIFT_STANDARD_LIBRARIES = YES;
				BUNDLE_LOADER = "$(TEST_HOST)";
				CODE_SIGN_STYLE = Automatic;
				DEVELOPMENT_TEAM = 747LG25T2M;
				INFOPLIST_FILE = MVVMExampleTests/Info.plist;
				IPHONEOS_DEPLOYMENT_TARGET = 13.2;
				LD_RUNPATH_SEARCH_PATHS = (
					"$(inherited)",
					"@executable_path/Frameworks",
					"@loader_path/Frameworks",
				);
				PRODUCT_BUNDLE_IDENTIFIER = com.mtlab.test.MVVMExampleTests;
				PRODUCT_NAME = "$(TARGET_NAME)";
				SWIFT_VERSION = 5.0;
				TARGETED_DEVICE_FAMILY = "1,2";
				TEST_HOST = "$(BUILT_PRODUCTS_DIR)/MVVMExample.app/MVVMExample";
			};
			name = Release;
		};
		9C74EBAD246D19BD00A3CF1D /* Debug */ = {
			isa = XCBuildConfiguration;
			baseConfigurationReference = 894012541B79417142E9AD66 /* Pods-MVVMExample-MVVMExampleUITests.debug.xcconfig */;
			buildSettings = {
				ALWAYS_EMBED_SWIFT_STANDARD_LIBRARIES = YES;
				CODE_SIGN_STYLE = Automatic;
				DEVELOPMENT_TEAM = 747LG25T2M;
				INFOPLIST_FILE = MVVMExampleUITests/Info.plist;
				LD_RUNPATH_SEARCH_PATHS = (
					"$(inherited)",
					"@executable_path/Frameworks",
					"@loader_path/Frameworks",
				);
				PRODUCT_BUNDLE_IDENTIFIER = com.mtlab.test.MVVMExampleUITests;
				PRODUCT_NAME = "$(TARGET_NAME)";
				SWIFT_VERSION = 5.0;
				TARGETED_DEVICE_FAMILY = "1,2";
				TEST_TARGET_NAME = MVVMExample;
			};
			name = Debug;
		};
		9C74EBAE246D19BD00A3CF1D /* Release */ = {
			isa = XCBuildConfiguration;
			baseConfigurationReference = 7211968690451096C8F33742 /* Pods-MVVMExample-MVVMExampleUITests.release.xcconfig */;
			buildSettings = {
				ALWAYS_EMBED_SWIFT_STANDARD_LIBRARIES = YES;
				CODE_SIGN_STYLE = Automatic;
				DEVELOPMENT_TEAM = 747LG25T2M;
				INFOPLIST_FILE = MVVMExampleUITests/Info.plist;
				LD_RUNPATH_SEARCH_PATHS = (
					"$(inherited)",
					"@executable_path/Frameworks",
					"@loader_path/Frameworks",
				);
				PRODUCT_BUNDLE_IDENTIFIER = com.mtlab.test.MVVMExampleUITests;
				PRODUCT_NAME = "$(TARGET_NAME)";
				SWIFT_VERSION = 5.0;
				TARGETED_DEVICE_FAMILY = "1,2";
				TEST_TARGET_NAME = MVVMExample;
			};
			name = Release;
		};
/* End XCBuildConfiguration section */

/* Begin XCConfigurationList section */
		9C74EB74246D19B900A3CF1D /* Build configuration list for PBXProject "MVVMExample" */ = {
			isa = XCConfigurationList;
			buildConfigurations = (
				9C74EBA4246D19BD00A3CF1D /* Debug */,
				9C74EBA5246D19BD00A3CF1D /* Release */,
			);
			defaultConfigurationIsVisible = 0;
			defaultConfigurationName = Release;
		};
		9C74EBA6246D19BD00A3CF1D /* Build configuration list for PBXNativeTarget "MVVMExample" */ = {
			isa = XCConfigurationList;
			buildConfigurations = (
				9C74EBA7246D19BD00A3CF1D /* Debug */,
				9C74EBA8246D19BD00A3CF1D /* Release */,
			);
			defaultConfigurationIsVisible = 0;
			defaultConfigurationName = Release;
		};
		9C74EBA9246D19BD00A3CF1D /* Build configuration list for PBXNativeTarget "MVVMExampleTests" */ = {
			isa = XCConfigurationList;
			buildConfigurations = (
				9C74EBAA246D19BD00A3CF1D /* Debug */,
				9C74EBAB246D19BD00A3CF1D /* Release */,
			);
			defaultConfigurationIsVisible = 0;
			defaultConfigurationName = Release;
		};
		9C74EBAC246D19BD00A3CF1D /* Build configuration list for PBXNativeTarget "MVVMExampleUITests" */ = {
			isa = XCConfigurationList;
			buildConfigurations = (
				9C74EBAD246D19BD00A3CF1D /* Debug */,
				9C74EBAE246D19BD00A3CF1D /* Release */,
			);
			defaultConfigurationIsVisible = 0;
			defaultConfigurationName = Release;
		};
/* End XCConfigurationList section */

/* Begin XCVersionGroup section */
		9C74EB85246D19B900A3CF1D /* MVVMExample.xcdatamodeld */ = {
			isa = XCVersionGroup;
			children = (
				9C74EB86246D19B900A3CF1D /* MVVMExample.xcdatamodel */,
			);
			currentVersion = 9C74EB86246D19B900A3CF1D /* MVVMExample.xcdatamodel */;
			path = MVVMExample.xcdatamodeld;
			sourceTree = "<group>";
			versionGroupType = wrapper.xcdatamodel;
		};
/* End XCVersionGroup section */
	};
	rootObject = 9C74EB71246D19B900A3CF1D /* Project object */;
}
